
Microsoft Visual Studio Solution File, Format Version 12.00
# Visual Studio Version 17
VisualStudioVersion = 17.0.31903.59
MinimumVisualStudioVersion = 10.0.40219.1
Project("{FAE04EC0-301F-11D3-BF4B-00C04F79EFBC}") = "Vikingos", "Vikingos\Vikingos.csproj", "{431C5762-5ECC-4613-BABA-B9DE049B2CC6}"
EndProject
Project("{FAE04EC0-301F-11D3-BF4B-00C04F79EFBC}") = "VikingosTest", "VikingosTest\VikingosTest.csproj", "{D7735BD5-1950-46BE-B499-006FBF41B455}"
EndProject
Global
	GlobalSection(SolutionConfigurationPlatforms) = preSolution
		Debug|Any CPU = Debug|Any CPU
		Debug|x64 = Debug|x64
		Debug|x86 = Debug|x86
		Release|Any CPU = Release|Any CPU
		Release|x64 = Release|x64
		Release|x86 = Release|x86
	EndGlobalSection
	GlobalSection(ProjectConfigurationPlatforms) = postSolution
		{431C5762-5ECC-4613-BABA-B9DE049B2CC6}.Debug|Any CPU.ActiveCfg = Debug|Any CPU
		{431C5762-5ECC-4613-BABA-B9DE049B2CC6}.Debug|Any CPU.Build.0 = Debug|Any CPU
		{431C5762-5ECC-4613-BABA-B9DE049B2CC6}.Debug|x64.ActiveCfg = Debug|Any CPU
		{431C5762-5ECC-4613-BABA-B9DE049B2CC6}.Debug|x64.Build.0 = Debug|Any CPU
		{431C5762-5ECC-4613-BABA-B9DE049B2CC6}.Debug|x86.ActiveCfg = Debug|Any CPU
		{431C5762-5ECC-4613-BABA-B9DE049B2CC6}.Debug|x86.Build.0 = Debug|Any CPU
		{431C5762-5ECC-4613-BABA-B9DE049B2CC6}.Release|Any CPU.ActiveCfg = Release|Any CPU
		{431C5762-5ECC-4613-BABA-B9DE049B2CC6}.Release|Any CPU.Build.0 = Release|Any CPU
		{431C5762-5ECC-4613-BABA-B9DE049B2CC6}.Release|x64.ActiveCfg = Release|Any CPU
		{431C5762-5ECC-4613-BABA-B9DE049B2CC6}.Release|x64.Build.0 = Release|Any CPU
		{431C5762-5ECC-4613-BABA-B9DE049B2CC6}.Release|x86.ActiveCfg = Release|Any CPU
		{431C5762-5ECC-4613-BABA-B9DE049B2CC6}.Release|x86.Build.0 = Release|Any CPU
		{D7735BD5-1950-46BE-B499-006FBF41B455}.Debug|Any CPU.ActiveCfg = Debug|Any CPU
		{D7735BD5-1950-46BE-B499-006FBF41B455}.Debug|Any CPU.Build.0 = Debug|Any CPU
		{D7735BD5-1950-46BE-B499-006FBF41B455}.Debug|x64.ActiveCfg = Debug|Any CPU
		{D7735BD5-1950-46BE-B499-006FBF41B455}.Debug|x64.Build.0 = Debug|Any CPU
		{D7735BD5-1950-46BE-B499-006FBF41B455}.Debug|x86.ActiveCfg = Debug|Any CPU
		{D7735BD5-1950-46BE-B499-006FBF41B455}.Debug|x86.Build.0 = Debug|Any CPU
		{D7735BD5-1950-46BE-B499-006FBF41B455}.Release|Any CPU.ActiveCfg = Release|Any CPU
		{D7735BD5-1950-46BE-B499-006FBF41B455}.Release|Any CPU.Build.0 = Release|Any CPU
		{D7735BD5-1950-46BE-B499-006FBF41B455}.Release|x64.ActiveCfg = Release|Any CPU
		{D7735BD5-1950-46BE-B499-006FBF41B455}.Release|x64.Build.0 = Release|Any CPU
		{D7735BD5-1950-46BE-B499-006FBF41B455}.Release|x86.ActiveCfg = Release|Any CPU
		{D7735BD5-1950-46BE-B499-006FBF41B455}.Release|x86.Build.0 = Release|Any CPU
	EndGlobalSection
	GlobalSection(SolutionProperties) = preSolution
		HideSolutionNode = FALSE
	EndGlobalSection
EndGlobal
